
Microsoft Visual Studio Solution File, Format Version 12.00
# Visual Studio Version 16
VisualStudioVersion = 16.0.31005.135
MinimumVisualStudioVersion = 10.0.40219.1
Project("{9A19103F-16F7-4668-BE54-9A1E7A4F7556}") = "JEAPI", "JEAPI\JEAPI.csproj", "{FE874C4A-C842-449A-AEFA-43D14DB03D1B}"
EndProject
Project("{FAE04EC0-301F-11D3-BF4B-00C04F79EFBC}") = "JEAPI-WS", "JEAPI-WS\JEAPI-WS.csproj", "{1CF51E77-F3B0-4D0F-A7F9-D9A61620D48B}"
	ProjectSection(ProjectDependencies) = postProject
		{FE874C4A-C842-449A-AEFA-43D14DB03D1B} = {FE874C4A-C842-449A-AEFA-43D14DB03D1B}
	EndProjectSection
EndProject
Global
	GlobalSection(SolutionConfigurationPlatforms) = preSolution
		Debug|Any CPU = Debug|Any CPU
		Release|Any CPU = Release|Any CPU
	EndGlobalSection
	GlobalSection(ProjectConfigurationPlatforms) = postSolution
		{FE874C4A-C842-449A-AEFA-43D14DB03D1B}.Debug|Any CPU.ActiveCfg = Debug|Any CPU
		{FE874C4A-C842-449A-AEFA-43D14DB03D1B}.Debug|Any CPU.Build.0 = Debug|Any CPU
		{FE874C4A-C842-449A-AEFA-43D14DB03D1B}.Release|Any CPU.ActiveCfg = Release|Any CPU
		{FE874C4A-C842-449A-AEFA-43D14DB03D1B}.Release|Any CPU.Build.0 = Release|Any CPU
		{1CF51E77-F3B0-4D0F-A7F9-D9A61620D48B}.Debug|Any CPU.ActiveCfg = Debug|Any CPU
		{1CF51E77-F3B0-4D0F-A7F9-D9A61620D48B}.Debug|Any CPU.Build.0 = Debug|Any CPU
		{1CF51E77-F3B0-4D0F-A7F9-D9A61620D48B}.Release|Any CPU.ActiveCfg = Release|Any CPU
		{1CF51E77-F3B0-4D0F-A7F9-D9A61620D48B}.Release|Any CPU.Build.0 = Release|Any CPU
	EndGlobalSection
	GlobalSection(SolutionProperties) = preSolution
		HideSolutionNode = FALSE
	EndGlobalSection
	GlobalSection(ExtensibilityGlobals) = postSolution
		SolutionGuid = {201B0215-1F09-49A4-A869-A2906002DEE1}
	EndGlobalSection
EndGlobal
